
Microsoft Visual Studio Solution File, Format Version 12.00
# Visual Studio Version 17
VisualStudioVersion = 17.5.33627.172
MinimumVisualStudioVersion = 10.0.40219.1
Project("{FAE04EC0-301F-11D3-BF4B-00C04F79EFBC}") = "asp3array20003529", "asp3array20003529\asp3array20003529.csproj", "{AA907DE7-E7E3-4FF3-B56B-13CB3A2C506B}"
EndProject
Global
	GlobalSection(SolutionConfigurationPlatforms) = preSolution
		Debug|Any CPU = Debug|Any CPU
		Release|Any CPU = Release|Any CPU
	EndGlobalSection
	GlobalSection(ProjectConfigurationPlatforms) = postSolution
		{AA907DE7-E7E3-4FF3-B56B-13CB3A2C506B}.Debug|Any CPU.ActiveCfg = Debug|Any CPU
		{AA907DE7-E7E3-4FF3-B56B-13CB3A2C506B}.Debug|Any CPU.Build.0 = Debug|Any CPU
		{AA907DE7-E7E3-4FF3-B56B-13CB3A2C506B}.Release|Any CPU.ActiveCfg = Release|Any CPU
		{AA907DE7-E7E3-4FF3-B56B-13CB3A2C506B}.Release|Any CPU.Build.0 = Release|Any CPU
	EndGlobalSection
	GlobalSection(SolutionProperties) = preSolution
		HideSolutionNode = FALSE
	EndGlobalSection
	GlobalSection(ExtensibilityGlobals) = postSolution
		SolutionGuid = {1F0C21D0-E1FB-444F-994C-5F7BDF92CA80}
	EndGlobalSection
EndGlobal
